
Microsoft Visual Studio Solution File, Format Version 12.00
# Visual Studio 2012
Project("{FAE04EC0-301F-11D3-BF4B-00C04F79EFBC}") = "divide_sequence_into_groups_using_LINQ", "divide_sequence_into_groups_using_LINQ\divide_sequence_into_groups_using_LINQ.csproj", "{C73CFE1A-B0C2-47CC-9136-CFCCB955F6CD}"
EndProject
Global
	GlobalSection(SolutionConfigurationPlatforms) = preSolution
		Debug|Any CPU = Debug|Any CPU
		Release|Any CPU = Release|Any CPU
	EndGlobalSection
	GlobalSection(ProjectConfigurationPlatforms) = postSolution
		{C73CFE1A-B0C2-47CC-9136-CFCCB955F6CD}.Debug|Any CPU.ActiveCfg = Debug|Any CPU
		{C73CFE1A-B0C2-47CC-9136-CFCCB955F6CD}.Debug|Any CPU.Build.0 = Debug|Any CPU
		{C73CFE1A-B0C2-47CC-9136-CFCCB955F6CD}.Release|Any CPU.ActiveCfg = Release|Any CPU
		{C73CFE1A-B0C2-47CC-9136-CFCCB955F6CD}.Release|Any CPU.Build.0 = Release|Any CPU
	EndGlobalSection
EndGlobal
